
Microsoft Visual Studio Solution File, Format Version 12.00
# Visual Studio Version 17
VisualStudioVersion = 17.7.34003.232
MinimumVisualStudioVersion = 10.0.40219.1
Project("{FAE04EC0-301F-11D3-BF4B-00C04F79EFBC}") = "AdamHook", "Testicles\AdamHook.csproj", "{CD8B19F3-E7FB-4F10-87B1-2221B2A210F2}"
EndProject
Global
	GlobalSection(SolutionConfigurationPlatforms) = preSolution
		Debug|Any CPU = Debug|Any CPU
		Debug|x64 = Debug|x64
		Release|Any CPU = Release|Any CPU
		Release|x64 = Release|x64
	EndGlobalSection
	GlobalSection(ProjectConfigurationPlatforms) = postSolution
		{CD8B19F3-E7FB-4F10-87B1-2221B2A210F2}.Debug|Any CPU.ActiveCfg = Debug|Any CPU
		{CD8B19F3-E7FB-4F10-87B1-2221B2A210F2}.Debug|Any CPU.Build.0 = Debug|Any CPU
		{CD8B19F3-E7FB-4F10-87B1-2221B2A210F2}.Debug|x64.ActiveCfg = Debug|x64
		{CD8B19F3-E7FB-4F10-87B1-2221B2A210F2}.Debug|x64.Build.0 = Debug|x64
		{CD8B19F3-E7FB-4F10-87B1-2221B2A210F2}.Release|Any CPU.ActiveCfg = Release|Any CPU
		{CD8B19F3-E7FB-4F10-87B1-2221B2A210F2}.Release|Any CPU.Build.0 = Release|Any CPU
		{CD8B19F3-E7FB-4F10-87B1-2221B2A210F2}.Release|x64.ActiveCfg = Release|x64
		{CD8B19F3-E7FB-4F10-87B1-2221B2A210F2}.Release|x64.Build.0 = Release|x64
	EndGlobalSection
	GlobalSection(SolutionProperties) = preSolution
		HideSolutionNode = FALSE
	EndGlobalSection
	GlobalSection(ExtensibilityGlobals) = postSolution
		SolutionGuid = {8A168661-B53B-42AB-B0E0-ED855903383E}
	EndGlobalSection
EndGlobal
